
Microsoft Visual Studio Solution File, Format Version 12.00
# Visual Studio Version 17
VisualStudioVersion = 17.8.34316.72
MinimumVisualStudioVersion = 10.0.40219.1
Project("{FAE04EC0-301F-11D3-BF4B-00C04F79EFBC}") = "DemoAPI", "DemoAPI\DemoAPI.csproj", "{B7B9056D-6EBC-4AF6-9E6C-0826DC434B7A}"
EndProject
Global
	GlobalSection(SolutionConfigurationPlatforms) = preSolution
		Debug|Any CPU = Debug|Any CPU
		Release|Any CPU = Release|Any CPU
	EndGlobalSection
	GlobalSection(ProjectConfigurationPlatforms) = postSolution
		{B7B9056D-6EBC-4AF6-9E6C-0826DC434B7A}.Debug|Any CPU.ActiveCfg = Debug|Any CPU
		{B7B9056D-6EBC-4AF6-9E6C-0826DC434B7A}.Debug|Any CPU.Build.0 = Debug|Any CPU
		{B7B9056D-6EBC-4AF6-9E6C-0826DC434B7A}.Release|Any CPU.ActiveCfg = Release|Any CPU
		{B7B9056D-6EBC-4AF6-9E6C-0826DC434B7A}.Release|Any CPU.Build.0 = Release|Any CPU
	EndGlobalSection
	GlobalSection(SolutionProperties) = preSolution
		HideSolutionNode = FALSE
	EndGlobalSection
	GlobalSection(ExtensibilityGlobals) = postSolution
		SolutionGuid = {CD4CDD70-B481-49BF-9411-D17E63F38356}
	EndGlobalSection
EndGlobal
